
Microsoft Visual Studio Solution File, Format Version 12.00
# Visual Studio Version 17
VisualStudioVersion = 17.8.34511.84
MinimumVisualStudioVersion = 10.0.40219.1
Project("{8BC9CEB8-8B4A-11D0-8D11-00A0C91BC942}") = "labwork_9", "labwork_9\labwork_9.vcxproj", "{4A177958-B6E4-46BA-B670-EA7A8D32ED38}"
EndProject
Global
	GlobalSection(SolutionConfigurationPlatforms) = preSolution
		Debug|x64 = Debug|x64
		Debug|x86 = Debug|x86
		Release|x64 = Release|x64
		Release|x86 = Release|x86
	EndGlobalSection
	GlobalSection(ProjectConfigurationPlatforms) = postSolution
		{4A177958-B6E4-46BA-B670-EA7A8D32ED38}.Debug|x64.ActiveCfg = Debug|x64
		{4A177958-B6E4-46BA-B670-EA7A8D32ED38}.Debug|x64.Build.0 = Debug|x64
		{4A177958-B6E4-46BA-B670-EA7A8D32ED38}.Debug|x86.ActiveCfg = Debug|Win32
		{4A177958-B6E4-46BA-B670-EA7A8D32ED38}.Debug|x86.Build.0 = Debug|Win32
		{4A177958-B6E4-46BA-B670-EA7A8D32ED38}.Release|x64.ActiveCfg = Release|x64
		{4A177958-B6E4-46BA-B670-EA7A8D32ED38}.Release|x64.Build.0 = Release|x64
		{4A177958-B6E4-46BA-B670-EA7A8D32ED38}.Release|x86.ActiveCfg = Release|Win32
		{4A177958-B6E4-46BA-B670-EA7A8D32ED38}.Release|x86.Build.0 = Release|Win32
	EndGlobalSection
	GlobalSection(SolutionProperties) = preSolution
		HideSolutionNode = FALSE
	EndGlobalSection
	GlobalSection(ExtensibilityGlobals) = postSolution
		SolutionGuid = {D7E62BB4-E291-4507-9675-189F28BA2DC0}
	EndGlobalSection
EndGlobal
